// !$*UTF8*$!
{
	archiveVersion = 1;
	classes = {
	};
	objectVersion = 46;
	objects = {

/* Begin PBXBuildFile section */
		586757A21ECB159D00FED60C /* AppDelegate.swift in Sources */ = {isa = PBXBuildFile; fileRef = 586757A11ECB159D00FED60C /* AppDelegate.swift */; };
		586757A71ECB159D00FED60C /* Main.storyboard in Resources */ = {isa = PBXBuildFile; fileRef = 586757A51ECB159D00FED60C /* Main.storyboard */; };
		586757AA1ECB159D00FED60C /* RaackDance_Demo.xcdatamodeld in Sources */ = {isa = PBXBuildFile; fileRef = 586757A81ECB159D00FED60C /* RaackDance_Demo.xcdatamodeld */; };
		586757AC1ECB159D00FED60C /* Assets.xcassets in Resources */ = {isa = PBXBuildFile; fileRef = 586757AB1ECB159D00FED60C /* Assets.xcassets */; };
		586757AF1ECB159D00FED60C /* LaunchScreen.storyboard in Resources */ = {isa = PBXBuildFile; fileRef = 586757AD1ECB159D00FED60C /* LaunchScreen.storyboard */; };
		586757B71ECB2EFB00FED60C /* GoogleService-Info.plist in Resources */ = {isa = PBXBuildFile; fileRef = 586757B61ECB2EFB00FED60C /* GoogleService-Info.plist */; };
		586757DE1ECB379700FED60C /* GroceryItem.swift in Sources */ = {isa = PBXBuildFile; fileRef = 586757DC1ECB379700FED60C /* GroceryItem.swift */; };
		586757DF1ECB379700FED60C /* User.swift in Sources */ = {isa = PBXBuildFile; fileRef = 586757DD1ECB379700FED60C /* User.swift */; };
		58CF86A81ECC8E2600FEC1AF /* GalleryViewController.swift in Sources */ = {isa = PBXBuildFile; fileRef = 58CF86A51ECC8E2600FEC1AF /* GalleryViewController.swift */; };
		58CF86A91ECC8E2600FEC1AF /* InitialViewController.swift in Sources */ = {isa = PBXBuildFile; fileRef = 58CF86A61ECC8E2600FEC1AF /* InitialViewController.swift */; };
		58CF86AA1ECC8E2600FEC1AF /* RegistrationViewController.swift in Sources */ = {isa = PBXBuildFile; fileRef = 58CF86A71ECC8E2600FEC1AF /* RegistrationViewController.swift */; };
		58CF86AE1ECC8E6E00FEC1AF /* iCarousel.m in Sources */ = {isa = PBXBuildFile; fileRef = 58CF86AD1ECC8E6E00FEC1AF /* iCarousel.m */; };
		58CF86B01ECC8ECD00FEC1AF /* TermsViewController.swift in Sources */ = {isa = PBXBuildFile; fileRef = 58CF86AF1ECC8ECD00FEC1AF /* TermsViewController.swift */; };
		58CF86B41ECC96F900FEC1AF /* SCLAlertView.swift in Sources */ = {isa = PBXBuildFile; fileRef = 58CF86B21ECC96F900FEC1AF /* SCLAlertView.swift */; };
		58CF86B51ECC96FA00FEC1AF /* SCLExtensions.swift in Sources */ = {isa = PBXBuildFile; fileRef = 58CF86B31ECC96F900FEC1AF /* SCLExtensions.swift */; };
		58CF86B71ECC9B0E00FEC1AF /* dance.gif in Resources */ = {isa = PBXBuildFile; fileRef = 58CF86B61ECC9B0E00FEC1AF /* dance.gif */; };
		58CF86B91ECC9B1F00FEC1AF /* rain.gif in Resources */ = {isa = PBXBuildFile; fileRef = 58CF86B81ECC9B1F00FEC1AF /* rain.gif */; };
		CF2E5EFE1DBA85CEBF798751 /* Pods_RaackDance_Demo.framework in Frameworks */ = {isa = PBXBuildFile; fileRef = 4913B4B9B23095C29CD934EC /* Pods_RaackDance_Demo.framework */; };
/* End PBXBuildFile section */

/* Begin PBXFileReference section */
		4913B4B9B23095C29CD934EC /* Pods_RaackDance_Demo.framework */ = {isa = PBXFileReference; explicitFileType = wrapper.framework; includeInIndex = 0; path = Pods_RaackDance_Demo.framework; sourceTree = BUILT_PRODUCTS_DIR; };
		5867579E1ECB159D00FED60C /* RaackDance_Demo.app */ = {isa = PBXFileReference; explicitFileType = wrapper.application; includeInIndex = 0; path = RaackDance_Demo.app; sourceTree = BUILT_PRODUCTS_DIR; };
		586757A11ECB159D00FED60C /* AppDelegate.swift */ = {isa = PBXFileReference; lastKnownFileType = sourcecode.swift; path = AppDelegate.swift; sourceTree = "<group>"; };
		586757A61ECB159D00FED60C /* Base */ = {isa = PBXFileReference; lastKnownFileType = file.storyboard; name = Base; path = Base.lproj/Main.storyboard; sourceTree = "<group>"; };
		586757A91ECB159D00FED60C /* RaackDance_Demo.xcdatamodel */ = {isa = PBXFileReference; lastKnownFileType = wrapper.xcdatamodel; path = RaackDance_Demo.xcdatamodel; sourceTree = "<group>"; };
		586757AB1ECB159D00FED60C /* Assets.xcassets */ = {isa = PBXFileReference; lastKnownFileType = folder.assetcatalog; path = Assets.xcassets; sourceTree = "<group>"; };
		586757AE1ECB159D00FED60C /* Base */ = {isa = PBXFileReference; lastKnownFileType = file.storyboard; name = Base; path = Base.lproj/LaunchScreen.storyboard; sourceTree = "<group>"; };
		586757B01ECB159D00FED60C /* Info.plist */ = {isa = PBXFileReference; lastKnownFileType = text.plist.xml; path = Info.plist; sourceTree = "<group>"; };
		586757B61ECB2EFB00FED60C /* GoogleService-Info.plist */ = {isa = PBXFileReference; fileEncoding = 4; lastKnownFileType = text.plist.xml; path = "GoogleService-Info.plist"; sourceTree = "<group>"; };
		586757DC1ECB379700FED60C /* GroceryItem.swift */ = {isa = PBXFileReference; fileEncoding = 4; lastKnownFileType = sourcecode.swift; path = GroceryItem.swift; sourceTree = "<group>"; };
		586757DD1ECB379700FED60C /* User.swift */ = {isa = PBXFileReference; fileEncoding = 4; lastKnownFileType = sourcecode.swift; path = User.swift; sourceTree = "<group>"; };
		58CF869C1ECC716700FEC1AF /* RaackDance_Demo-Bridging-Header.h */ = {isa = PBXFileReference; lastKnownFileType = sourcecode.c.h; path = "RaackDance_Demo-Bridging-Header.h"; sourceTree = "<group>"; };
		58CF86A51ECC8E2600FEC1AF /* GalleryViewController.swift */ = {isa = PBXFileReference; fileEncoding = 4; lastKnownFileType = sourcecode.swift; name = GalleryViewController.swift; path = RaackDance_Demo/Controllers/GalleryViewController.swift; sourceTree = SOURCE_ROOT; };
		58CF86A61ECC8E2600FEC1AF /* InitialViewController.swift */ = {isa = PBXFileReference; fileEncoding = 4; lastKnownFileType = sourcecode.swift; name = InitialViewController.swift; path = RaackDance_Demo/Controllers/InitialViewController.swift; sourceTree = SOURCE_ROOT; };
		58CF86A71ECC8E2600FEC1AF /* RegistrationViewController.swift */ = {isa = PBXFileReference; fileEncoding = 4; lastKnownFileType = sourcecode.swift; name = RegistrationViewController.swift; path = RaackDance_Demo/Controllers/RegistrationViewController.swift; sourceTree = SOURCE_ROOT; };
		58CF86AC1ECC8E6E00FEC1AF /* iCarousel.h */ = {isa = PBXFileReference; fileEncoding = 4; lastKnownFileType = sourcecode.c.h; path = iCarousel.h; sourceTree = "<group>"; };
		58CF86AD1ECC8E6E00FEC1AF /* iCarousel.m */ = {isa = PBXFileReference; fileEncoding = 4; lastKnownFileType = sourcecode.c.objc; path = iCarousel.m; sourceTree = "<group>"; };
		58CF86AF1ECC8ECD00FEC1AF /* TermsViewController.swift */ = {isa = PBXFileReference; fileEncoding = 4; lastKnownFileType = sourcecode.swift; name = TermsViewController.swift; path = RaackDance_Demo/Controllers/TermsViewController.swift; sourceTree = SOURCE_ROOT; };
		58CF86B21ECC96F900FEC1AF /* SCLAlertView.swift */ = {isa = PBXFileReference; fileEncoding = 4; lastKnownFileType = sourcecode.swift; path = SCLAlertView.swift; sourceTree = "<group>"; };
		58CF86B31ECC96F900FEC1AF /* SCLExtensions.swift */ = {isa = PBXFileReference; fileEncoding = 4; lastKnownFileType = sourcecode.swift; path = SCLExtensions.swift; sourceTree = "<group>"; };
		58CF86B61ECC9B0E00FEC1AF /* dance.gif */ = {isa = PBXFileReference; lastKnownFileType = image.gif; path = dance.gif; sourceTree = "<group>"; };
		58CF86B81ECC9B1F00FEC1AF /* rain.gif */ = {isa = PBXFileReference; lastKnownFileType = image.gif; path = rain.gif; sourceTree = "<group>"; };
		6C0797E14F32F232762E0E6C /* Pods-RaackDance_Demo.release.xcconfig */ = {isa = PBXFileReference; includeInIndex = 1; lastKnownFileType = text.xcconfig; name = "Pods-RaackDance_Demo.release.xcconfig"; path = "Pods/Target Support Files/Pods-RaackDance_Demo/Pods-RaackDance_Demo.release.xcconfig"; sourceTree = "<group>"; };
		B7A22ED9F9B7B70459872D9F /* Pods-RaackDance_Demo.debug.xcconfig */ = {isa = PBXFileReference; includeInIndex = 1; lastKnownFileType = text.xcconfig; name = "Pods-RaackDance_Demo.debug.xcconfig"; path = "Pods/Target Support Files/Pods-RaackDance_Demo/Pods-RaackDance_Demo.debug.xcconfig"; sourceTree = "<group>"; };
/* End PBXFileReference section */

/* Begin PBXFrameworksBuildPhase section */
		5867579B1ECB159D00FED60C /* Frameworks */ = {
			isa = PBXFrameworksBuildPhase;
			buildActionMask = 2147483647;
			files = (
				CF2E5EFE1DBA85CEBF798751 /* Pods_RaackDance_Demo.framework in Frameworks */,
			);
			runOnlyForDeploymentPostprocessing = 0;
		};
/* End PBXFrameworksBuildPhase section */

/* Begin PBXGroup section */
		586757951ECB159D00FED60C = {
			isa = PBXGroup;
			children = (
				586757A01ECB159D00FED60C /* RaackDance_Demo */,
				5867579F1ECB159D00FED60C /* Products */,
				6388968B8BF147A5622CAAC7 /* Pods */,
				D7C8DBC1F8CA33DF6B611C24 /* Frameworks */,
			);
			sourceTree = "<group>";
		};
		5867579F1ECB159D00FED60C /* Products */ = {
			isa = PBXGroup;
			children = (
				5867579E1ECB159D00FED60C /* RaackDance_Demo.app */,
			);
			name = Products;
			sourceTree = "<group>";
		};
		586757A01ECB159D00FED60C /* RaackDance_Demo */ = {
			isa = PBXGroup;
			children = (
				58CF86B81ECC9B1F00FEC1AF /* rain.gif */,
				586757A11ECB159D00FED60C /* AppDelegate.swift */,
				58CF86B61ECC9B0E00FEC1AF /* dance.gif */,
				58CF86AB1ECC8E6E00FEC1AF /* ExternalFrameworks */,
				58CF86A41ECC8E2600FEC1AF /* Controllers */,
				586757DB1ECB379700FED60C /* model */,
				586757A51ECB159D00FED60C /* Main.storyboard */,
				586757AB1ECB159D00FED60C /* Assets.xcassets */,
				586757AD1ECB159D00FED60C /* LaunchScreen.storyboard */,
				586757B01ECB159D00FED60C /* Info.plist */,
				586757B61ECB2EFB00FED60C /* GoogleService-Info.plist */,
				586757A81ECB159D00FED60C /* RaackDance_Demo.xcdatamodeld */,
				58CF869C1ECC716700FEC1AF /* RaackDance_Demo-Bridging-Header.h */,
			);
			path = RaackDance_Demo;
			sourceTree = "<group>";
		};
		586757DB1ECB379700FED60C /* model */ = {
			isa = PBXGroup;
			children = (
				586757DC1ECB379700FED60C /* GroceryItem.swift */,
				586757DD1ECB379700FED60C /* User.swift */,
			);
			path = model;
			sourceTree = "<group>";
		};
		58CF86A41ECC8E2600FEC1AF /* Controllers */ = {
			isa = PBXGroup;
			children = (
				58CF86A61ECC8E2600FEC1AF /* InitialViewController.swift */,
				58CF86A51ECC8E2600FEC1AF /* GalleryViewController.swift */,
				58CF86AF1ECC8ECD00FEC1AF /* TermsViewController.swift */,
				58CF86A71ECC8E2600FEC1AF /* RegistrationViewController.swift */,
			);
			path = Controllers;
			sourceTree = "<group>";
		};
		58CF86AB1ECC8E6E00FEC1AF /* ExternalFrameworks */ = {
			isa = PBXGroup;
			children = (
				58CF86B21ECC96F900FEC1AF /* SCLAlertView.swift */,
				58CF86B31ECC96F900FEC1AF /* SCLExtensions.swift */,
				58CF86AC1ECC8E6E00FEC1AF /* iCarousel.h */,
				58CF86AD1ECC8E6E00FEC1AF /* iCarousel.m */,
			);
			path = ExternalFrameworks;
			sourceTree = "<group>";
		};
		6388968B8BF147A5622CAAC7 /* Pods */ = {
			isa = PBXGroup;
			children = (
				B7A22ED9F9B7B70459872D9F /* Pods-RaackDance_Demo.debug.xcconfig */,
				6C0797E14F32F232762E0E6C /* Pods-RaackDance_Demo.release.xcconfig */,
			);
			name = Pods;
			sourceTree = "<group>";
		};
		D7C8DBC1F8CA33DF6B611C24 /* Frameworks */ = {
			isa = PBXGroup;
			children = (
				4913B4B9B23095C29CD934EC /* Pods_RaackDance_Demo.framework */,
			);
			name = Frameworks;
			sourceTree = "<group>";
		};
/* End PBXGroup section */

/* Begin PBXNativeTarget section */
		5867579D1ECB159D00FED60C /* RaackDance_Demo */ = {
			isa = PBXNativeTarget;
			buildConfigurationList = 586757B31ECB159D00FED60C /* Build configuration list for PBXNativeTarget "RaackDance_Demo" */;
			buildPhases = (
				9AE0AF358E65204706779011 /* [CP] Check Pods Manifest.lock */,
				5867579A1ECB159D00FED60C /* Sources */,
				5867579B1ECB159D00FED60C /* Frameworks */,
				5867579C1ECB159D00FED60C /* Resources */,
				044ACB6C5DE4AA4BC3AE80BD /* [CP] Embed Pods Frameworks */,
				40C63B06EEB860A9BFF0A12F /* [CP] Copy Pods Resources */,
			);
			buildRules = (
			);
			dependencies = (
			);
			name = RaackDance_Demo;
			productName = RaackDance_Demo;
			productReference = 5867579E1ECB159D00FED60C /* RaackDance_Demo.app */;
			productType = "com.apple.product-type.application";
		};
/* End PBXNativeTarget section */

/* Begin PBXProject section */
		586757961ECB159D00FED60C /* Project object */ = {
			isa = PBXProject;
			attributes = {
				LastSwiftUpdateCheck = 0830;
				LastUpgradeCheck = 0830;
				ORGANIZATIONNAME = "Elumalai Ramalingam";
				TargetAttributes = {
					5867579D1ECB159D00FED60C = {
						CreatedOnToolsVersion = 8.3.2;
						DevelopmentTeam = 4EE7F9W37G;
						LastSwiftMigration = 0830;
						ProvisioningStyle = Automatic;
					};
				};
			};
			buildConfigurationList = 586757991ECB159D00FED60C /* Build configuration list for PBXProject "RaackDance_Demo" */;
			compatibilityVersion = "Xcode 3.2";
			developmentRegion = English;
			hasScannedForEncodings = 0;
			knownRegions = (
				en,
				Base,
			);
			mainGroup = 586757951ECB159D00FED60C;
			productRefGroup = 5867579F1ECB159D00FED60C /* Products */;
			projectDirPath = "";
			projectRoot = "";
			targets = (
				5867579D1ECB159D00FED60C /* RaackDance_Demo */,
			);
		};
/* End PBXProject section */

/* Begin PBXResourcesBuildPhase section */
		5867579C1ECB159D00FED60C /* Resources */ = {
			isa = PBXResourcesBuildPhase;
			buildActionMask = 2147483647;
			files = (
				58CF86B71ECC9B0E00FEC1AF /* dance.gif in Resources */,
				58CF86B91ECC9B1F00FEC1AF /* rain.gif in Resources */,
				586757B71ECB2EFB00FED60C /* GoogleService-Info.plist in Resources */,
				586757AF1ECB159D00FED60C /* LaunchScreen.storyboard in Resources */,
				586757AC1ECB159D00FED60C /* Assets.xcassets in Resources */,
				586757A71ECB159D00FED60C /* Main.storyboard in Resources */,
			);
			runOnlyForDeploymentPostprocessing = 0;
		};
/* End PBXResourcesBuildPhase section */

/* Begin PBXShellScriptBuildPhase section */
		044ACB6C5DE4AA4BC3AE80BD /* [CP] Embed Pods Frameworks */ = {
			isa = PBXShellScriptBuildPhase;
			buildActionMask = 2147483647;
			files = (
			);
			inputPaths = (
			);
			name = "[CP] Embed Pods Frameworks";
			outputPaths = (
			);
			runOnlyForDeploymentPostprocessing = 0;
			shellPath = /bin/sh;
			shellScript = "\"${SRCROOT}/Pods/Target Support Files/Pods-RaackDance_Demo/Pods-RaackDance_Demo-frameworks.sh\"\n";
			showEnvVarsInLog = 0;
		};
		40C63B06EEB860A9BFF0A12F /* [CP] Copy Pods Resources */ = {
			isa = PBXShellScriptBuildPhase;
			buildActionMask = 2147483647;
			files = (
			);
			inputPaths = (
			);
			name = "[CP] Copy Pods Resources";
			outputPaths = (
			);
			runOnlyForDeploymentPostprocessing = 0;
			shellPath = /bin/sh;
			shellScript = "\"${SRCROOT}/Pods/Target Support Files/Pods-RaackDance_Demo/Pods-RaackDance_Demo-resources.sh\"\n";
			showEnvVarsInLog = 0;
		};
		9AE0AF358E65204706779011 /* [CP] Check Pods Manifest.lock */ = {
			isa = PBXShellScriptBuildPhase;
			buildActionMask = 2147483647;
			files = (
			);
			inputPaths = (
			);
			name = "[CP] Check Pods Manifest.lock";
			outputPaths = (
			);
			runOnlyForDeploymentPostprocessing = 0;
			shellPath = /bin/sh;
			shellScript = "diff \"${PODS_ROOT}/../Podfile.lock\" \"${PODS_ROOT}/Manifest.lock\" > /dev/null\nif [ $? != 0 ] ; then\n    # print error to STDERR\n    echo \"error: The sandbox is not in sync with the Podfile.lock. Run 'pod install' or update your CocoaPods installation.\" >&2\n    exit 1\nfi\n";
			showEnvVarsInLog = 0;
		};
/* End PBXShellScriptBuildPhase section */

/* Begin PBXSourcesBuildPhase section */
		5867579A1ECB159D00FED60C /* Sources */ = {
			isa = PBXSourcesBuildPhase;
			buildActionMask = 2147483647;
			files = (
				58CF86B51ECC96FA00FEC1AF /* SCLExtensions.swift in Sources */,
				586757AA1ECB159D00FED60C /* RaackDance_Demo.xcdatamodeld in Sources */,
				58CF86A91ECC8E2600FEC1AF /* InitialViewController.swift in Sources */,
				58CF86B41ECC96F900FEC1AF /* SCLAlertView.swift in Sources */,
				58CF86AA1ECC8E2600FEC1AF /* RegistrationViewController.swift in Sources */,
				586757DE1ECB379700FED60C /* GroceryItem.swift in Sources */,
				58CF86B01ECC8ECD00FEC1AF /* TermsViewController.swift in Sources */,
				58CF86A81ECC8E2600FEC1AF /* GalleryViewController.swift in Sources */,
				58CF86AE1ECC8E6E00FEC1AF /* iCarousel.m in Sources */,
				586757DF1ECB379700FED60C /* User.swift in Sources */,
				586757A21ECB159D00FED60C /* AppDelegate.swift in Sources */,
			);
			runOnlyForDeploymentPostprocessing = 0;
		};
/* End PBXSourcesBuildPhase section */

/* Begin PBXVariantGroup section */
		586757A51ECB159D00FED60C /* Main.storyboard */ = {
			isa = PBXVariantGroup;
			children = (
				586757A61ECB159D00FED60C /* Base */,
			);
			name = Main.storyboard;
			sourceTree = "<group>";
		};
		586757AD1ECB159D00FED60C /* LaunchScreen.storyboard */ = {
			isa = PBXVariantGroup;
			children = (
				586757AE1ECB159D00FED60C /* Base */,
			);
			name = LaunchScreen.storyboard;
			sourceTree = "<group>";
		};
/* End PBXVariantGroup section */

/* Begin XCBuildConfiguration section */
		586757B11ECB159D00FED60C /* Debug */ = {
			isa = XCBuildConfiguration;
			buildSettings = {
				ALWAYS_SEARCH_USER_PATHS = NO;
				CLANG_ANALYZER_NONNULL = YES;
				CLANG_ANALYZER_NUMBER_OBJECT_CONVERSION = YES_AGGRESSIVE;
				CLANG_CXX_LANGUAGE_STANDARD = "gnu++0x";
				CLANG_CXX_LIBRARY = "libc++";
				CLANG_ENABLE_MODULES = YES;
				CLANG_ENABLE_OBJC_ARC = YES;
				CLANG_WARN_BOOL_CONVERSION = YES;
				CLANG_WARN_CONSTANT_CONVERSION = YES;
				CLANG_WARN_DIRECT_OBJC_ISA_USAGE = YES_ERROR;
				CLANG_WARN_DOCUMENTATION_COMMENTS = YES;
				CLANG_WARN_EMPTY_BODY = YES;
				CLANG_WARN_ENUM_CONVERSION = YES;
				CLANG_WARN_INFINITE_RECURSION = YES;
				CLANG_WARN_INT_CONVERSION = YES;
				CLANG_WARN_OBJC_ROOT_CLASS = YES_ERROR;
				CLANG_WARN_SUSPICIOUS_MOVE = YES;
				CLANG_WARN_UNREACHABLE_CODE = YES;
				CLANG_WARN__DUPLICATE_METHOD_MATCH = YES;
				"CODE_SIGN_IDENTITY[sdk=iphoneos*]" = "iPhone Developer";
				COPY_PHASE_STRIP = NO;
				DEBUG_INFORMATION_FORMAT = dwarf;
				ENABLE_STRICT_OBJC_MSGSEND = YES;
				ENABLE_TESTABILITY = YES;
				GCC_C_LANGUAGE_STANDARD = gnu99;
				GCC_DYNAMIC_NO_PIC = NO;
				GCC_NO_COMMON_BLOCKS = YES;
				GCC_OPTIMIZATION_LEVEL = 0;
				GCC_PREPROCESSOR_DEFINITIONS = (
					"DEBUG=1",
					"$(inherited)",
				);
				GCC_WARN_64_TO_32_BIT_CONVERSION = YES;
				GCC_WARN_ABOUT_RETURN_TYPE = YES_ERROR;
				GCC_WARN_UNDECLARED_SELECTOR = YES;
				GCC_WARN_UNINITIALIZED_AUTOS = YES_AGGRESSIVE;
				GCC_WARN_UNUSED_FUNCTION = YES;
				GCC_WARN_UNUSED_VARIABLE = YES;
				IPHONEOS_DEPLOYMENT_TARGET = 10.3;
				MTL_ENABLE_DEBUG_INFO = YES;
				ONLY_ACTIVE_ARCH = YES;
				SDKROOT = iphoneos;
				SWIFT_ACTIVE_COMPILATION_CONDITIONS = DEBUG;
				SWIFT_OPTIMIZATION_LEVEL = "-Onone";
				TARGETED_DEVICE_FAMILY = "1,2";
			};
			name = Debug;
		};
		586757B21ECB159D00FED60C /* Release */ = {
			isa = XCBuildConfiguration;
			buildSettings = {
				ALWAYS_SEARCH_USER_PATHS = NO;
				CLANG_ANALYZER_NONNULL = YES;
				CLANG_ANALYZER_NUMBER_OBJECT_CONVERSION = YES_AGGRESSIVE;
				CLANG_CXX_LANGUAGE_STANDARD = "gnu++0x";
				CLANG_CXX_LIBRARY = "libc++";
				CLANG_ENABLE_MODULES = YES;
				CLANG_ENABLE_OBJC_ARC = YES;
				CLANG_WARN_BOOL_CONVERSION = YES;
				CLANG_WARN_CONSTANT_CONVERSION = YES;
				CLANG_WARN_DIRECT_OBJC_ISA_USAGE = YES_ERROR;
				CLANG_WARN_DOCUMENTATION_COMMENTS = YES;
				CLANG_WARN_EMPTY_BODY = YES;
				CLANG_WARN_ENUM_CONVERSION = YES;
				CLANG_WARN_INFINITE_RECURSION = YES;
				CLANG_WARN_INT_CONVERSION = YES;
				CLANG_WARN_OBJC_ROOT_CLASS = YES_ERROR;
				CLANG_WARN_SUSPICIOUS_MOVE = YES;
				CLANG_WARN_UNREACHABLE_CODE = YES;
				CLANG_WARN__DUPLICATE_METHOD_MATCH = YES;
				"CODE_SIGN_IDENTITY[sdk=iphoneos*]" = "iPhone Developer";
				COPY_PHASE_STRIP = NO;
				DEBUG_INFORMATION_FORMAT = "dwarf-with-dsym";
				ENABLE_NS_ASSERTIONS = NO;
				ENABLE_STRICT_OBJC_MSGSEND = YES;
				GCC_C_LANGUAGE_STANDARD = gnu99;
				GCC_NO_COMMON_BLOCKS = YES;
				GCC_WARN_64_TO_32_BIT_CONVERSION = YES;
				GCC_WARN_ABOUT_RETURN_TYPE = YES_ERROR;
				GCC_WARN_UNDECLARED_SELECTOR = YES;
				GCC_WARN_UNINITIALIZED_AUTOS = YES_AGGRESSIVE;
				GCC_WARN_UNUSED_FUNCTION = YES;
				GCC_WARN_UNUSED_VARIABLE = YES;
				IPHONEOS_DEPLOYMENT_TARGET = 10.3;
				MTL_ENABLE_DEBUG_INFO = NO;
				SDKROOT = iphoneos;
				SWIFT_OPTIMIZATION_LEVEL = "-Owholemodule";
				TARGETED_DEVICE_FAMILY = "1,2";
				VALIDATE_PRODUCT = YES;
			};
			name = Release;
		};
		586757B41ECB159D00FED60C /* Debug */ = {
			isa = XCBuildConfiguration;
			baseConfigurationReference = B7A22ED9F9B7B70459872D9F /* Pods-RaackDance_Demo.debug.xcconfig */;
			buildSettings = {
				ASSETCATALOG_COMPILER_APPICON_NAME = AppIcon;
				CLANG_ENABLE_MODULES = YES;
				DEVELOPMENT_TEAM = 4EE7F9W37G;
				INFOPLIST_FILE = RaackDance_Demo/Info.plist;
				LD_RUNPATH_SEARCH_PATHS = "$(inherited) @executable_path/Frameworks";
				PRODUCT_BUNDLE_IDENTIFIER = "Photon.RaackDance-Demo";
				PRODUCT_NAME = "$(TARGET_NAME)";
				SWIFT_OBJC_BRIDGING_HEADER = "/Users/elumalai_ra/Desktop/Personal/DanceClass/RaackDance/RaackDance_Demo/RaackDance_Demo/RaackDance_Demo-Bridging-Header.h";
				SWIFT_OPTIMIZATION_LEVEL = "-Onone";
				SWIFT_VERSION = 3.0;
			};
			name = Debug;
		};
		586757B51ECB159D00FED60C /* Release */ = {
			isa = XCBuildConfiguration;
			baseConfigurationReference = 6C0797E14F32F232762E0E6C /* Pods-RaackDance_Demo.release.xcconfig */;
			buildSettings = {
				ASSETCATALOG_COMPILER_APPICON_NAME = AppIcon;
				CLANG_ENABLE_MODULES = YES;
				DEVELOPMENT_TEAM = 4EE7F9W37G;
				INFOPLIST_FILE = RaackDance_Demo/Info.plist;
				LD_RUNPATH_SEARCH_PATHS = "$(inherited) @executable_path/Frameworks";
				PRODUCT_BUNDLE_IDENTIFIER = "Photon.RaackDance-Demo";
				PRODUCT_NAME = "$(TARGET_NAME)";
				SWIFT_OBJC_BRIDGING_HEADER = "/Users/elumalai_ra/Desktop/Personal/DanceClass/RaackDance/RaackDance_Demo/RaackDance_Demo/RaackDance_Demo-Bridging-Header.h";
				SWIFT_VERSION = 3.0;
			};
			name = Release;
		};
/* End XCBuildConfiguration section */

/* Begin XCConfigurationList section */
		586757991ECB159D00FED60C /* Build configuration list for PBXProject "RaackDance_Demo" */ = {
			isa = XCConfigurationList;
			buildConfigurations = (
				586757B11ECB159D00FED60C /* Debug */,
				586757B21ECB159D00FED60C /* Release */,
			);
			defaultConfigurationIsVisible = 0;
			defaultConfigurationName = Release;
		};
		586757B31ECB159D00FED60C /* Build configuration list for PBXNativeTarget "RaackDance_Demo" */ = {
			isa = XCConfigurationList;
			buildConfigurations = (
				586757B41ECB159D00FED60C /* Debug */,
				586757B51ECB159D00FED60C /* Release */,
			);
			defaultConfigurationIsVisible = 0;
			defaultConfigurationName = Release;
		};
/* End XCConfigurationList section */

/* Begin XCVersionGroup section */
		586757A81ECB159D00FED60C /* RaackDance_Demo.xcdatamodeld */ = {
			isa = XCVersionGroup;
			children = (
				586757A91ECB159D00FED60C /* RaackDance_Demo.xcdatamodel */,
			);
			currentVersion = 586757A91ECB159D00FED60C /* RaackDance_Demo.xcdatamodel */;
			path = RaackDance_Demo.xcdatamodeld;
			sourceTree = "<group>";
			versionGroupType = wrapper.xcdatamodel;
		};
/* End XCVersionGroup section */
	};
	rootObject = 586757961ECB159D00FED60C /* Project object */;
}
