// !$*UTF8*$!
{
	archiveVersion = 1;
	classes = {
	};
	objectVersion = 46;
	objects = {

/* Begin PBXBuildFile section */
		586757A21ECB159D00FED60C /* AppDelegate.swift in Sources */ = {isa = PBXBuildFile; fileRef = 586757A11ECB159D00FED60C /* AppDelegate.swift */; };
		586757A41ECB159D00FED60C /* ViewController.swift in Sources */ = {isa = PBXBuildFile; fileRef = 586757A31ECB159D00FED60C /* ViewController.swift */; };
		586757A71ECB159D00FED60C /* Main.storyboard in Resources */ = {isa = PBXBuildFile; fileRef = 586757A51ECB159D00FED60C /* Main.storyboard */; };
		586757AA1ECB159D00FED60C /* RaackDance_Demo.xcdatamodeld in Sources */ = {isa = PBXBuildFile; fileRef = 586757A81ECB159D00FED60C /* RaackDance_Demo.xcdatamodeld */; };
		586757AC1ECB159D00FED60C /* Assets.xcassets in Resources */ = {isa = PBXBuildFile; fileRef = 586757AB1ECB159D00FED60C /* Assets.xcassets */; };
		586757AF1ECB159D00FED60C /* LaunchScreen.storyboard in Resources */ = {isa = PBXBuildFile; fileRef = 586757AD1ECB159D00FED60C /* LaunchScreen.storyboard */; };
/* End PBXBuildFile section */

/* Begin PBXFileReference section */
		5867579E1ECB159D00FED60C /* RaackDance_Demo.app */ = {isa = PBXFileReference; explicitFileType = wrapper.application; includeInIndex = 0; path = RaackDance_Demo.app; sourceTree = BUILT_PRODUCTS_DIR; };
		586757A11ECB159D00FED60C /* AppDelegate.swift */ = {isa = PBXFileReference; lastKnownFileType = sourcecode.swift; path = AppDelegate.swift; sourceTree = "<group>"; };
		586757A31ECB159D00FED60C /* ViewController.swift */ = {isa = PBXFileReference; lastKnownFileType = sourcecode.swift; path = ViewController.swift; sourceTree = "<group>"; };
		586757A61ECB159D00FED60C /* Base */ = {isa = PBXFileReference; lastKnownFileType = file.storyboard; name = Base; path = Base.lproj/Main.storyboard; sourceTree = "<group>"; };
		586757A91ECB159D00FED60C /* RaackDance_Demo.xcdatamodel */ = {isa = PBXFileReference; lastKnownFileType = wrapper.xcdatamodel; path = RaackDance_Demo.xcdatamodel; sourceTree = "<group>"; };
		586757AB1ECB159D00FED60C /* Assets.xcassets */ = {isa = PBXFileReference; lastKnownFileType = folder.assetcatalog; path = Assets.xcassets; sourceTree = "<group>"; };
		586757AE1ECB159D00FED60C /* Base */ = {isa = PBXFileReference; lastKnownFileType = file.storyboard; name = Base; path = Base.lproj/LaunchScreen.storyboard; sourceTree = "<group>"; };
		586757B01ECB159D00FED60C /* Info.plist */ = {isa = PBXFileReference; lastKnownFileType = text.plist.xml; path = Info.plist; sourceTree = "<group>"; };
/* End PBXFileReference section */

/* Begin PBXFrameworksBuildPhase section */
		5867579B1ECB159D00FED60C /* Frameworks */ = {
			isa = PBXFrameworksBuildPhase;
			buildActionMask = 2147483647;
			files = (
			);
			runOnlyForDeploymentPostprocessing = 0;
		};
/* End PBXFrameworksBuildPhase section */

/* Begin PBXGroup section */
		586757951ECB159D00FED60C = {
			isa = PBXGroup;
			children = (
				586757A01ECB159D00FED60C /* RaackDance_Demo */,
				5867579F1ECB159D00FED60C /* Products */,
			);
			sourceTree = "<group>";
		};
		5867579F1ECB159D00FED60C /* Products */ = {
			isa = PBXGroup;
			children = (
				5867579E1ECB159D00FED60C /* RaackDance_Demo.app */,
			);
			name = Products;
			sourceTree = "<group>";
		};
		586757A01ECB159D00FED60C /* RaackDance_Demo */ = {
			isa = PBXGroup;
			children = (
				586757A11ECB159D00FED60C /* AppDelegate.swift */,
				586757A31ECB159D00FED60C /* ViewController.swift */,
				586757A51ECB159D00FED60C /* Main.storyboard */,
				586757AB1ECB159D00FED60C /* Assets.xcassets */,
				586757AD1ECB159D00FED60C /* LaunchScreen.storyboard */,
				586757B01ECB159D00FED60C /* Info.plist */,
				586757A81ECB159D00FED60C /* RaackDance_Demo.xcdatamodeld */,
			);
			path = RaackDance_Demo;
			sourceTree = "<group>";
		};
/* End PBXGroup section */

/* Begin PBXNativeTarget section */
		5867579D1ECB159D00FED60C /* RaackDance_Demo */ = {
			isa = PBXNativeTarget;
			buildConfigurationList = 586757B31ECB159D00FED60C /* Build configuration list for PBXNativeTarget "RaackDance_Demo" */;
			buildPhases = (
				5867579A1ECB159D00FED60C /* Sources */,
				5867579B1ECB159D00FED60C /* Frameworks */,
				5867579C1ECB159D00FED60C /* Resources */,
			);
			buildRules = (
			);
			dependencies = (
			);
			name = RaackDance_Demo;
			productName = RaackDance_Demo;
			productReference = 5867579E1ECB159D00FED60C /* RaackDance_Demo.app */;
			productType = "com.apple.product-type.application";
		};
/* End PBXNativeTarget section */

/* Begin PBXProject section */
		586757961ECB159D00FED60C /* Project object */ = {
			isa = PBXProject;
			attributes = {
				LastSwiftUpdateCheck = 0830;
				LastUpgradeCheck = 0830;
				ORGANIZATIONNAME = "Elumalai Ramalingam";
				TargetAttributes = {
					5867579D1ECB159D00FED60C = {
						CreatedOnToolsVersion = 8.3.2;
						DevelopmentTeam = 4EE7F9W37G;
						ProvisioningStyle = Automatic;
					};
				};
			};
			buildConfigurationList = 586757991ECB159D00FED60C /* Build configuration list for PBXProject "RaackDance_Demo" */;
			compatibilityVersion = "Xcode 3.2";
			developmentRegion = English;
			hasScannedForEncodings = 0;
			knownRegions = (
				en,
				Base,
			);
			mainGroup = 586757951ECB159D00FED60C;
			productRefGroup = 5867579F1ECB159D00FED60C /* Products */;
			projectDirPath = "";
			projectRoot = "";
			targets = (
				5867579D1ECB159D00FED60C /* RaackDance_Demo */,
			);
		};
/* End PBXProject section */

/* Begin PBXResourcesBuildPhase section */
		5867579C1ECB159D00FED60C /* Resources */ = {
			isa = PBXResourcesBuildPhase;
			buildActionMask = 2147483647;
			files = (
				586757AF1ECB159D00FED60C /* LaunchScreen.storyboard in Resources */,
				586757AC1ECB159D00FED60C /* Assets.xcassets in Resources */,
				586757A71ECB159D00FED60C /* Main.storyboard in Resources */,
			);
			runOnlyForDeploymentPostprocessing = 0;
		};
/* End PBXResourcesBuildPhase section */

/* Begin PBXSourcesBuildPhase section */
		5867579A1ECB159D00FED60C /* Sources */ = {
			isa = PBXSourcesBuildPhase;
			buildActionMask = 2147483647;
			files = (
				586757A41ECB159D00FED60C /* ViewController.swift in Sources */,
				586757AA1ECB159D00FED60C /* RaackDance_Demo.xcdatamodeld in Sources */,
				586757A21ECB159D00FED60C /* AppDelegate.swift in Sources */,
			);
			runOnlyForDeploymentPostprocessing = 0;
		};
/* End PBXSourcesBuildPhase section */

/* Begin PBXVariantGroup section */
		586757A51ECB159D00FED60C /* Main.storyboard */ = {
			isa = PBXVariantGroup;
			children = (
				586757A61ECB159D00FED60C /* Base */,
			);
			name = Main.storyboard;
			sourceTree = "<group>";
		};
		586757AD1ECB159D00FED60C /* LaunchScreen.storyboard */ = {
			isa = PBXVariantGroup;
			children = (
				586757AE1ECB159D00FED60C /* Base */,
			);
			name = LaunchScreen.storyboard;
			sourceTree = "<group>";
		};
/* End PBXVariantGroup section */

/* Begin XCBuildConfiguration section */
		586757B11ECB159D00FED60C /* Debug */ = {
			isa = XCBuildConfiguration;
			buildSettings = {
				ALWAYS_SEARCH_USER_PATHS = NO;
				CLANG_ANALYZER_NONNULL = YES;
				CLANG_ANALYZER_NUMBER_OBJECT_CONVERSION = YES_AGGRESSIVE;
				CLANG_CXX_LANGUAGE_STANDARD = "gnu++0x";
				CLANG_CXX_LIBRARY = "libc++";
				CLANG_ENABLE_MODULES = YES;
				CLANG_ENABLE_OBJC_ARC = YES;
				CLANG_WARN_BOOL_CONVERSION = YES;
				CLANG_WARN_CONSTANT_CONVERSION = YES;
				CLANG_WARN_DIRECT_OBJC_ISA_USAGE = YES_ERROR;
				CLANG_WARN_DOCUMENTATION_COMMENTS = YES;
				CLANG_WARN_EMPTY_BODY = YES;
				CLANG_WARN_ENUM_CONVERSION = YES;
				CLANG_WARN_INFINITE_RECURSION = YES;
				CLANG_WARN_INT_CONVERSION = YES;
				CLANG_WARN_OBJC_ROOT_CLASS = YES_ERROR;
				CLANG_WARN_SUSPICIOUS_MOVE = YES;
				CLANG_WARN_UNREACHABLE_CODE = YES;
				CLANG_WARN__DUPLICATE_METHOD_MATCH = YES;
				"CODE_SIGN_IDENTITY[sdk=iphoneos*]" = "iPhone Developer";
				COPY_PHASE_STRIP = NO;
				DEBUG_INFORMATION_FORMAT = dwarf;
				ENABLE_STRICT_OBJC_MSGSEND = YES;
				ENABLE_TESTABILITY = YES;
				GCC_C_LANGUAGE_STANDARD = gnu99;
				GCC_DYNAMIC_NO_PIC = NO;
				GCC_NO_COMMON_BLOCKS = YES;
				GCC_OPTIMIZATION_LEVEL = 0;
				GCC_PREPROCESSOR_DEFINITIONS = (
					"DEBUG=1",
					"$(inherited)",
				);
				GCC_WARN_64_TO_32_BIT_CONVERSION = YES;
				GCC_WARN_ABOUT_RETURN_TYPE = YES_ERROR;
				GCC_WARN_UNDECLARED_SELECTOR = YES;
				GCC_WARN_UNINITIALIZED_AUTOS = YES_AGGRESSIVE;
				GCC_WARN_UNUSED_FUNCTION = YES;
				GCC_WARN_UNUSED_VARIABLE = YES;
				IPHONEOS_DEPLOYMENT_TARGET = 10.3;
				MTL_ENABLE_DEBUG_INFO = YES;
				ONLY_ACTIVE_ARCH = YES;
				SDKROOT = iphoneos;
				SWIFT_ACTIVE_COMPILATION_CONDITIONS = DEBUG;
				SWIFT_OPTIMIZATION_LEVEL = "-Onone";
				TARGETED_DEVICE_FAMILY = "1,2";
			};
			name = Debug;
		};
		586757B21ECB159D00FED60C /* Release */ = {
			isa = XCBuildConfiguration;
			buildSettings = {
				ALWAYS_SEARCH_USER_PATHS = NO;
				CLANG_ANALYZER_NONNULL = YES;
				CLANG_ANALYZER_NUMBER_OBJECT_CONVERSION = YES_AGGRESSIVE;
				CLANG_CXX_LANGUAGE_STANDARD = "gnu++0x";
				CLANG_CXX_LIBRARY = "libc++";
				CLANG_ENABLE_MODULES = YES;
				CLANG_ENABLE_OBJC_ARC = YES;
				CLANG_WARN_BOOL_CONVERSION = YES;
				CLANG_WARN_CONSTANT_CONVERSION = YES;
				CLANG_WARN_DIRECT_OBJC_ISA_USAGE = YES_ERROR;
				CLANG_WARN_DOCUMENTATION_COMMENTS = YES;
				CLANG_WARN_EMPTY_BODY = YES;
				CLANG_WARN_ENUM_CONVERSION = YES;
				CLANG_WARN_INFINITE_RECURSION = YES;
				CLANG_WARN_INT_CONVERSION = YES;
				CLANG_WARN_OBJC_ROOT_CLASS = YES_ERROR;
				CLANG_WARN_SUSPICIOUS_MOVE = YES;
				CLANG_WARN_UNREACHABLE_CODE = YES;
				CLANG_WARN__DUPLICATE_METHOD_MATCH = YES;
				"CODE_SIGN_IDENTITY[sdk=iphoneos*]" = "iPhone Developer";
				COPY_PHASE_STRIP = NO;
				DEBUG_INFORMATION_FORMAT = "dwarf-with-dsym";
				ENABLE_NS_ASSERTIONS = NO;
				ENABLE_STRICT_OBJC_MSGSEND = YES;
				GCC_C_LANGUAGE_STANDARD = gnu99;
				GCC_NO_COMMON_BLOCKS = YES;
				GCC_WARN_64_TO_32_BIT_CONVERSION = YES;
				GCC_WARN_ABOUT_RETURN_TYPE = YES_ERROR;
				GCC_WARN_UNDECLARED_SELECTOR = YES;
				GCC_WARN_UNINITIALIZED_AUTOS = YES_AGGRESSIVE;
				GCC_WARN_UNUSED_FUNCTION = YES;
				GCC_WARN_UNUSED_VARIABLE = YES;
				IPHONEOS_DEPLOYMENT_TARGET = 10.3;
				MTL_ENABLE_DEBUG_INFO = NO;
				SDKROOT = iphoneos;
				SWIFT_OPTIMIZATION_LEVEL = "-Owholemodule";
				TARGETED_DEVICE_FAMILY = "1,2";
				VALIDATE_PRODUCT = YES;
			};
			name = Release;
		};
		586757B41ECB159D00FED60C /* Debug */ = {
			isa = XCBuildConfiguration;
			buildSettings = {
				ASSETCATALOG_COMPILER_APPICON_NAME = AppIcon;
				DEVELOPMENT_TEAM = 4EE7F9W37G;
				INFOPLIST_FILE = RaackDance_Demo/Info.plist;
				LD_RUNPATH_SEARCH_PATHS = "$(inherited) @executable_path/Frameworks";
				PRODUCT_BUNDLE_IDENTIFIER = "Photon.RaackDance-Demo";
				PRODUCT_NAME = "$(TARGET_NAME)";
				SWIFT_VERSION = 3.0;
			};
			name = Debug;
		};
		586757B51ECB159D00FED60C /* Release */ = {
			isa = XCBuildConfiguration;
			buildSettings = {
				ASSETCATALOG_COMPILER_APPICON_NAME = AppIcon;
				DEVELOPMENT_TEAM = 4EE7F9W37G;
				INFOPLIST_FILE = RaackDance_Demo/Info.plist;
				LD_RUNPATH_SEARCH_PATHS = "$(inherited) @executable_path/Frameworks";
				PRODUCT_BUNDLE_IDENTIFIER = "Photon.RaackDance-Demo";
				PRODUCT_NAME = "$(TARGET_NAME)";
				SWIFT_VERSION = 3.0;
			};
			name = Release;
		};
/* End XCBuildConfiguration section */

/* Begin XCConfigurationList section */
		586757991ECB159D00FED60C /* Build configuration list for PBXProject "RaackDance_Demo" */ = {
			isa = XCConfigurationList;
			buildConfigurations = (
				586757B11ECB159D00FED60C /* Debug */,
				586757B21ECB159D00FED60C /* Release */,
			);
			defaultConfigurationIsVisible = 0;
			defaultConfigurationName = Release;
		};
		586757B31ECB159D00FED60C /* Build configuration list for PBXNativeTarget "RaackDance_Demo" */ = {
			isa = XCConfigurationList;
			buildConfigurations = (
				586757B41ECB159D00FED60C /* Debug */,
				586757B51ECB159D00FED60C /* Release */,
			);
			defaultConfigurationIsVisible = 0;
		};
/* End XCConfigurationList section */

/* Begin XCVersionGroup section */
		586757A81ECB159D00FED60C /* RaackDance_Demo.xcdatamodeld */ = {
			isa = XCVersionGroup;
			children = (
				586757A91ECB159D00FED60C /* RaackDance_Demo.xcdatamodel */,
			);
			currentVersion = 586757A91ECB159D00FED60C /* RaackDance_Demo.xcdatamodel */;
			path = RaackDance_Demo.xcdatamodeld;
			sourceTree = "<group>";
			versionGroupType = wrapper.xcdatamodel;
		};
/* End XCVersionGroup section */
	};
	rootObject = 586757961ECB159D00FED60C /* Project object */;
}
